
Microsoft Visual Studio Solution File, Format Version 12.00
# Visual Studio Version 16
VisualStudioVersion = 16.0.32802.440
MinimumVisualStudioVersion = 10.0.40219.1
Project("{FAE04EC0-301F-11D3-BF4B-00C04F79EFBC}") = "ClassTools", "ClassTools\ClassTools.csproj", "{A76B9A95-0C1B-419B-963A-8A4C2B5BB396}"
EndProject
Global
	GlobalSection(SolutionConfigurationPlatforms) = preSolution
		Debug|Any CPU = Debug|Any CPU
		Release|Any CPU = Release|Any CPU
	EndGlobalSection
	GlobalSection(ProjectConfigurationPlatforms) = postSolution
		{A76B9A95-0C1B-419B-963A-8A4C2B5BB396}.Debug|Any CPU.ActiveCfg = Debug|Any CPU
		{A76B9A95-0C1B-419B-963A-8A4C2B5BB396}.Debug|Any CPU.Build.0 = Debug|Any CPU
		{A76B9A95-0C1B-419B-963A-8A4C2B5BB396}.Release|Any CPU.ActiveCfg = Release|Any CPU
		{A76B9A95-0C1B-419B-963A-8A4C2B5BB396}.Release|Any CPU.Build.0 = Release|Any CPU
	EndGlobalSection
	GlobalSection(SolutionProperties) = preSolution
		HideSolutionNode = FALSE
	EndGlobalSection
	GlobalSection(ExtensibilityGlobals) = postSolution
		SolutionGuid = {C86E21C4-1721-405D-86D2-CFCF3F271517}
	EndGlobalSection
EndGlobal
